
Microsoft Visual Studio Solution File, Format Version 12.00
# Visual Studio 15
VisualStudioVersion = 15.0.26730.16
MinimumVisualStudioVersion = 10.0.40219.1
Project("{9A19103F-16F7-4668-BE54-9A1E7A4F7556}") = "AutoResponse.Core", "AutoResponse.Core\AutoResponse.Core.csproj", "{F95120E0-8265-4973-B058-225332608FCA}"
EndProject
Project("{9A19103F-16F7-4668-BE54-9A1E7A4F7556}") = "AutoResponse.Client", "AutoResponse.Client\AutoResponse.Client.csproj", "{B198B463-E467-4E89-8EAB-03ED7C7A4D98}"
EndProject
Project("{2150E333-8FDC-42A3-9474-1A3956D46DE8}") = "Core", "Core", "{19EEB63D-5C79-4E3D-8628-4C757B7EA417}"
EndProject
Project("{2150E333-8FDC-42A3-9474-1A3956D46DE8}") = "AspNetCore", "AspNetCore", "{5D9FA3B7-1836-4E4D-9CE2-FD8E1026C752}"
EndProject
Project("{9A19103F-16F7-4668-BE54-9A1E7A4F7556}") = "AutoResponse.AspNetCore", "AutoResponse.AspNetCore\AutoResponse.AspNetCore.csproj", "{9720B78C-69E9-4B7A-9359-07654DE2B5C8}"
EndProject
Project("{9A19103F-16F7-4668-BE54-9A1E7A4F7556}") = "AutoResponse.Sample.Api", "AutoResponse.Sample.Api\AutoResponse.Sample.Api.csproj", "{A240889D-0224-434C-B8BC-6FDC921EF010}"
EndProject
Project("{2150E333-8FDC-42A3-9474-1A3956D46DE8}") = "Samples", "Samples", "{277EC000-8B67-480E-9F0B-AEA3544DF197}"
EndProject
Project("{2150E333-8FDC-42A3-9474-1A3956D46DE8}") = "WebApi2", "WebApi2", "{58616DF5-C8D2-4DA9-A6A4-A6EA79102FCD}"
EndProject
Project("{FAE04EC0-301F-11D3-BF4B-00C04F79EFBC}") = "AutoResponse.Sample.WebApi2", "AutoResponse.Sample.WebApi2\AutoResponse.Sample.WebApi2.csproj", "{C474C4E8-F2A8-4D91-9F0E-4A91DEFC4235}"
EndProject
Project("{FAE04EC0-301F-11D3-BF4B-00C04F79EFBC}") = "AutoResponse.Sample.Domain", "AutoResponse.Sample.Domain\AutoResponse.Sample.Domain.csproj", "{EB2F99CE-922E-49A4-8429-7EE957C15032}"
EndProject
Project("{FAE04EC0-301F-11D3-BF4B-00C04F79EFBC}") = "AutoResponse.Sample.Data", "AutoResponse.Sample.Data\AutoResponse.Sample.Data.csproj", "{C262F933-6AD3-4CCE-9D3A-4C9B76AAAA32}"
EndProject
Project("{2150E333-8FDC-42A3-9474-1A3956D46DE8}") = "AspNetCore", "AspNetCore", "{BE12D314-6600-4EA4-97D1-E12049295FC5}"
EndProject
Project("{2150E333-8FDC-42A3-9474-1A3956D46DE8}") = "WebApi2", "WebApi2", "{03EF160F-5A2B-404B-8ED2-46E7BA5E46B0}"
EndProject
Project("{FAE04EC0-301F-11D3-BF4B-00C04F79EFBC}") = "AutoResponse.Owin", "AutoResponse.Owin\AutoResponse.Owin.csproj", "{DB1D544E-AFBF-4B61-924C-8D17F298577E}"
EndProject
Project("{2150E333-8FDC-42A3-9474-1A3956D46DE8}") = "Lib", "Lib", "{E8672CF0-A12B-4155-95B4-784464D9D27D}"
EndProject
Project("{2150E333-8FDC-42A3-9474-1A3956D46DE8}") = "Tests", "Tests", "{2D157944-AEDF-4A6A-B2E6-3BDE0E43A2F5}"
EndProject
Project("{FAE04EC0-301F-11D3-BF4B-00C04F79EFBC}") = "AutoResponse.WebApi2", "AutoResponse.WebApi2\AutoResponse.WebApi2.csproj", "{0A14BBB6-FFB3-4805-951F-D21D3D7E594B}"
EndProject
Project("{FAE04EC0-301F-11D3-BF4B-00C04F79EFBC}") = "AutoResponse.WebApi2.Autofac", "AutoResponse.WebApi2.Autofac\AutoResponse.WebApi2.Autofac.csproj", "{ABF7DAEC-F265-4BAF-A70C-53C11E203F6B}"
EndProject
Project("{2150E333-8FDC-42A3-9474-1A3956D46DE8}") = "WebApi2", "WebApi2", "{D06CFD65-85AF-4C0D-89A9-65EB4D21BF02}"
EndProject
Project("{FAE04EC0-301F-11D3-BF4B-00C04F79EFBC}") = "AutoResponse.WebApi2.IntegrationTests", "AutoResponse.WebApi2.IntegrationTests\AutoResponse.WebApi2.IntegrationTests.csproj", "{EC91B163-957D-457F-A27C-6A2175D1E5ED}"
EndProject
Global
	GlobalSection(SolutionConfigurationPlatforms) = preSolution
		Debug|Any CPU = Debug|Any CPU
		Release|Any CPU = Release|Any CPU
	EndGlobalSection
	GlobalSection(ProjectConfigurationPlatforms) = postSolution
		{F95120E0-8265-4973-B058-225332608FCA}.Debug|Any CPU.ActiveCfg = Debug|Any CPU
		{F95120E0-8265-4973-B058-225332608FCA}.Debug|Any CPU.Build.0 = Debug|Any CPU
		{F95120E0-8265-4973-B058-225332608FCA}.Release|Any CPU.ActiveCfg = Release|Any CPU
		{F95120E0-8265-4973-B058-225332608FCA}.Release|Any CPU.Build.0 = Release|Any CPU
		{B198B463-E467-4E89-8EAB-03ED7C7A4D98}.Debug|Any CPU.ActiveCfg = Debug|Any CPU
		{B198B463-E467-4E89-8EAB-03ED7C7A4D98}.Debug|Any CPU.Build.0 = Debug|Any CPU
		{B198B463-E467-4E89-8EAB-03ED7C7A4D98}.Release|Any CPU.ActiveCfg = Release|Any CPU
		{B198B463-E467-4E89-8EAB-03ED7C7A4D98}.Release|Any CPU.Build.0 = Release|Any CPU
		{9720B78C-69E9-4B7A-9359-07654DE2B5C8}.Debug|Any CPU.ActiveCfg = Debug|Any CPU
		{9720B78C-69E9-4B7A-9359-07654DE2B5C8}.Debug|Any CPU.Build.0 = Debug|Any CPU
		{9720B78C-69E9-4B7A-9359-07654DE2B5C8}.Release|Any CPU.ActiveCfg = Release|Any CPU
		{9720B78C-69E9-4B7A-9359-07654DE2B5C8}.Release|Any CPU.Build.0 = Release|Any CPU
		{A240889D-0224-434C-B8BC-6FDC921EF010}.Debug|Any CPU.ActiveCfg = Debug|Any CPU
		{A240889D-0224-434C-B8BC-6FDC921EF010}.Debug|Any CPU.Build.0 = Debug|Any CPU
		{A240889D-0224-434C-B8BC-6FDC921EF010}.Release|Any CPU.ActiveCfg = Release|Any CPU
		{A240889D-0224-434C-B8BC-6FDC921EF010}.Release|Any CPU.Build.0 = Release|Any CPU
		{C474C4E8-F2A8-4D91-9F0E-4A91DEFC4235}.Debug|Any CPU.ActiveCfg = Debug|Any CPU
		{C474C4E8-F2A8-4D91-9F0E-4A91DEFC4235}.Debug|Any CPU.Build.0 = Debug|Any CPU
		{C474C4E8-F2A8-4D91-9F0E-4A91DEFC4235}.Release|Any CPU.ActiveCfg = Release|Any CPU
		{C474C4E8-F2A8-4D91-9F0E-4A91DEFC4235}.Release|Any CPU.Build.0 = Release|Any CPU
		{EB2F99CE-922E-49A4-8429-7EE957C15032}.Debug|Any CPU.ActiveCfg = Debug|Any CPU
		{EB2F99CE-922E-49A4-8429-7EE957C15032}.Debug|Any CPU.Build.0 = Debug|Any CPU
		{EB2F99CE-922E-49A4-8429-7EE957C15032}.Release|Any CPU.ActiveCfg = Release|Any CPU
		{EB2F99CE-922E-49A4-8429-7EE957C15032}.Release|Any CPU.Build.0 = Release|Any CPU
		{C262F933-6AD3-4CCE-9D3A-4C9B76AAAA32}.Debug|Any CPU.ActiveCfg = Debug|Any CPU
		{C262F933-6AD3-4CCE-9D3A-4C9B76AAAA32}.Debug|Any CPU.Build.0 = Debug|Any CPU
		{C262F933-6AD3-4CCE-9D3A-4C9B76AAAA32}.Release|Any CPU.ActiveCfg = Release|Any CPU
		{C262F933-6AD3-4CCE-9D3A-4C9B76AAAA32}.Release|Any CPU.Build.0 = Release|Any CPU
		{DB1D544E-AFBF-4B61-924C-8D17F298577E}.Debug|Any CPU.ActiveCfg = Debug|Any CPU
		{DB1D544E-AFBF-4B61-924C-8D17F298577E}.Debug|Any CPU.Build.0 = Debug|Any CPU
		{DB1D544E-AFBF-4B61-924C-8D17F298577E}.Release|Any CPU.ActiveCfg = Release|Any CPU
		{DB1D544E-AFBF-4B61-924C-8D17F298577E}.Release|Any CPU.Build.0 = Release|Any CPU
		{0A14BBB6-FFB3-4805-951F-D21D3D7E594B}.Debug|Any CPU.ActiveCfg = Debug|Any CPU
		{0A14BBB6-FFB3-4805-951F-D21D3D7E594B}.Debug|Any CPU.Build.0 = Debug|Any CPU
		{0A14BBB6-FFB3-4805-951F-D21D3D7E594B}.Release|Any CPU.ActiveCfg = Release|Any CPU
		{0A14BBB6-FFB3-4805-951F-D21D3D7E594B}.Release|Any CPU.Build.0 = Release|Any CPU
		{ABF7DAEC-F265-4BAF-A70C-53C11E203F6B}.Debug|Any CPU.ActiveCfg = Debug|Any CPU
		{ABF7DAEC-F265-4BAF-A70C-53C11E203F6B}.Debug|Any CPU.Build.0 = Debug|Any CPU
		{ABF7DAEC-F265-4BAF-A70C-53C11E203F6B}.Release|Any CPU.ActiveCfg = Release|Any CPU
		{ABF7DAEC-F265-4BAF-A70C-53C11E203F6B}.Release|Any CPU.Build.0 = Release|Any CPU
		{EC91B163-957D-457F-A27C-6A2175D1E5ED}.Debug|Any CPU.ActiveCfg = Debug|Any CPU
		{EC91B163-957D-457F-A27C-6A2175D1E5ED}.Debug|Any CPU.Build.0 = Debug|Any CPU
		{EC91B163-957D-457F-A27C-6A2175D1E5ED}.Release|Any CPU.ActiveCfg = Release|Any CPU
		{EC91B163-957D-457F-A27C-6A2175D1E5ED}.Release|Any CPU.Build.0 = Release|Any CPU
	EndGlobalSection
	GlobalSection(SolutionProperties) = preSolution
		HideSolutionNode = FALSE
	EndGlobalSection
	GlobalSection(NestedProjects) = preSolution
		{F95120E0-8265-4973-B058-225332608FCA} = {19EEB63D-5C79-4E3D-8628-4C757B7EA417}
		{B198B463-E467-4E89-8EAB-03ED7C7A4D98} = {19EEB63D-5C79-4E3D-8628-4C757B7EA417}
		{19EEB63D-5C79-4E3D-8628-4C757B7EA417} = {E8672CF0-A12B-4155-95B4-784464D9D27D}
		{5D9FA3B7-1836-4E4D-9CE2-FD8E1026C752} = {277EC000-8B67-480E-9F0B-AEA3544DF197}
		{9720B78C-69E9-4B7A-9359-07654DE2B5C8} = {BE12D314-6600-4EA4-97D1-E12049295FC5}
		{A240889D-0224-434C-B8BC-6FDC921EF010} = {5D9FA3B7-1836-4E4D-9CE2-FD8E1026C752}
		{58616DF5-C8D2-4DA9-A6A4-A6EA79102FCD} = {277EC000-8B67-480E-9F0B-AEA3544DF197}
		{C474C4E8-F2A8-4D91-9F0E-4A91DEFC4235} = {58616DF5-C8D2-4DA9-A6A4-A6EA79102FCD}
		{EB2F99CE-922E-49A4-8429-7EE957C15032} = {58616DF5-C8D2-4DA9-A6A4-A6EA79102FCD}
		{C262F933-6AD3-4CCE-9D3A-4C9B76AAAA32} = {58616DF5-C8D2-4DA9-A6A4-A6EA79102FCD}
		{BE12D314-6600-4EA4-97D1-E12049295FC5} = {E8672CF0-A12B-4155-95B4-784464D9D27D}
		{03EF160F-5A2B-404B-8ED2-46E7BA5E46B0} = {E8672CF0-A12B-4155-95B4-784464D9D27D}
		{DB1D544E-AFBF-4B61-924C-8D17F298577E} = {03EF160F-5A2B-404B-8ED2-46E7BA5E46B0}
		{0A14BBB6-FFB3-4805-951F-D21D3D7E594B} = {03EF160F-5A2B-404B-8ED2-46E7BA5E46B0}
		{ABF7DAEC-F265-4BAF-A70C-53C11E203F6B} = {03EF160F-5A2B-404B-8ED2-46E7BA5E46B0}
		{D06CFD65-85AF-4C0D-89A9-65EB4D21BF02} = {2D157944-AEDF-4A6A-B2E6-3BDE0E43A2F5}
		{EC91B163-957D-457F-A27C-6A2175D1E5ED} = {D06CFD65-85AF-4C0D-89A9-65EB4D21BF02}
	EndGlobalSection
	GlobalSection(ExtensibilityGlobals) = postSolution
		SolutionGuid = {AB12F6EB-7BD6-49F8-966D-C7FA36841DCA}
	EndGlobalSection
EndGlobal
