
Microsoft Visual Studio Solution File, Format Version 12.00
# Visual Studio 14
VisualStudioVersion = 14.0.25420.1
MinimumVisualStudioVersion = 10.0.40219.1
Project("{FAE04EC0-301F-11D3-BF4B-00C04F79EFBC}") = "AutoResponse.Data", "AutoResponse.Data\AutoResponse.Data.csproj", "{B0A0D479-599F-4462-8238-04C011100AE9}"
EndProject
Project("{FAE04EC0-301F-11D3-BF4B-00C04F79EFBC}") = "AutoResponse.WebApi2", "AutoResponse.WebApi2\AutoResponse.WebApi2.csproj", "{0A14BBB6-FFB3-4805-951F-D21D3D7E594B}"
EndProject
Project("{FAE04EC0-301F-11D3-BF4B-00C04F79EFBC}") = "AutoResponse.Sample.WebApi2", "AutoResponse.Sample.WebApi2\AutoResponse.Sample.WebApi2.csproj", "{C474C4E8-F2A8-4D91-9F0E-4A91DEFC4235}"
EndProject
Project("{FAE04EC0-301F-11D3-BF4B-00C04F79EFBC}") = "AutoResponse.WebApi2.Autofac", "AutoResponse.WebApi2.Autofac\AutoResponse.WebApi2.Autofac.csproj", "{ABF7DAEC-F265-4BAF-A70C-53C11E203F6B}"
EndProject
Project("{2150E333-8FDC-42A3-9474-1A3956D46DE8}") = "Core", "Core", "{C6E4DAB6-C280-4FDC-916C-D60FB7BAC498}"
EndProject
Project("{2150E333-8FDC-42A3-9474-1A3956D46DE8}") = "Sample", "Sample", "{ADE4AC96-F3EC-464B-BFEE-0F76CFB8F263}"
EndProject
Project("{2150E333-8FDC-42A3-9474-1A3956D46DE8}") = "Tests", "Tests", "{99753933-1DEB-4FD1-983E-1816366C9BDE}"
EndProject
Project("{FAE04EC0-301F-11D3-BF4B-00C04F79EFBC}") = "AutoResponse.WebApi2.IntegrationTests", "AutoResponse.WebApi2.IntegrationTests\AutoResponse.WebApi2.IntegrationTests.csproj", "{EC91B163-957D-457F-A27C-6A2175D1E5ED}"
EndProject
Project("{FAE04EC0-301F-11D3-BF4B-00C04F79EFBC}") = "AutoResponse.Sample.Domain", "AutoResponse.Sample.Domain\AutoResponse.Sample.Domain.csproj", "{EB2F99CE-922E-49A4-8429-7EE957C15032}"
EndProject
Project("{FAE04EC0-301F-11D3-BF4B-00C04F79EFBC}") = "AutoResponse.Sample.Data", "AutoResponse.Sample.Data\AutoResponse.Sample.Data.csproj", "{C262F933-6AD3-4CCE-9D3A-4C9B76AAAA32}"
EndProject
Global
	GlobalSection(SolutionConfigurationPlatforms) = preSolution
		Debug|Any CPU = Debug|Any CPU
		Release|Any CPU = Release|Any CPU
	EndGlobalSection
	GlobalSection(ProjectConfigurationPlatforms) = postSolution
		{B0A0D479-599F-4462-8238-04C011100AE9}.Debug|Any CPU.ActiveCfg = Debug|Any CPU
		{B0A0D479-599F-4462-8238-04C011100AE9}.Debug|Any CPU.Build.0 = Debug|Any CPU
		{B0A0D479-599F-4462-8238-04C011100AE9}.Release|Any CPU.ActiveCfg = Release|Any CPU
		{B0A0D479-599F-4462-8238-04C011100AE9}.Release|Any CPU.Build.0 = Release|Any CPU
		{0A14BBB6-FFB3-4805-951F-D21D3D7E594B}.Debug|Any CPU.ActiveCfg = Debug|Any CPU
		{0A14BBB6-FFB3-4805-951F-D21D3D7E594B}.Debug|Any CPU.Build.0 = Debug|Any CPU
		{0A14BBB6-FFB3-4805-951F-D21D3D7E594B}.Release|Any CPU.ActiveCfg = Release|Any CPU
		{0A14BBB6-FFB3-4805-951F-D21D3D7E594B}.Release|Any CPU.Build.0 = Release|Any CPU
		{C474C4E8-F2A8-4D91-9F0E-4A91DEFC4235}.Debug|Any CPU.ActiveCfg = Debug|Any CPU
		{C474C4E8-F2A8-4D91-9F0E-4A91DEFC4235}.Debug|Any CPU.Build.0 = Debug|Any CPU
		{C474C4E8-F2A8-4D91-9F0E-4A91DEFC4235}.Release|Any CPU.ActiveCfg = Release|Any CPU
		{C474C4E8-F2A8-4D91-9F0E-4A91DEFC4235}.Release|Any CPU.Build.0 = Release|Any CPU
		{ABF7DAEC-F265-4BAF-A70C-53C11E203F6B}.Debug|Any CPU.ActiveCfg = Debug|Any CPU
		{ABF7DAEC-F265-4BAF-A70C-53C11E203F6B}.Debug|Any CPU.Build.0 = Debug|Any CPU
		{ABF7DAEC-F265-4BAF-A70C-53C11E203F6B}.Release|Any CPU.ActiveCfg = Release|Any CPU
		{ABF7DAEC-F265-4BAF-A70C-53C11E203F6B}.Release|Any CPU.Build.0 = Release|Any CPU
		{EC91B163-957D-457F-A27C-6A2175D1E5ED}.Debug|Any CPU.ActiveCfg = Debug|Any CPU
		{EC91B163-957D-457F-A27C-6A2175D1E5ED}.Debug|Any CPU.Build.0 = Debug|Any CPU
		{EC91B163-957D-457F-A27C-6A2175D1E5ED}.Release|Any CPU.ActiveCfg = Release|Any CPU
		{EC91B163-957D-457F-A27C-6A2175D1E5ED}.Release|Any CPU.Build.0 = Release|Any CPU
		{EB2F99CE-922E-49A4-8429-7EE957C15032}.Debug|Any CPU.ActiveCfg = Debug|Any CPU
		{EB2F99CE-922E-49A4-8429-7EE957C15032}.Debug|Any CPU.Build.0 = Debug|Any CPU
		{EB2F99CE-922E-49A4-8429-7EE957C15032}.Release|Any CPU.ActiveCfg = Release|Any CPU
		{EB2F99CE-922E-49A4-8429-7EE957C15032}.Release|Any CPU.Build.0 = Release|Any CPU
		{C262F933-6AD3-4CCE-9D3A-4C9B76AAAA32}.Debug|Any CPU.ActiveCfg = Debug|Any CPU
		{C262F933-6AD3-4CCE-9D3A-4C9B76AAAA32}.Debug|Any CPU.Build.0 = Debug|Any CPU
		{C262F933-6AD3-4CCE-9D3A-4C9B76AAAA32}.Release|Any CPU.ActiveCfg = Release|Any CPU
		{C262F933-6AD3-4CCE-9D3A-4C9B76AAAA32}.Release|Any CPU.Build.0 = Release|Any CPU
	EndGlobalSection
	GlobalSection(SolutionProperties) = preSolution
		HideSolutionNode = FALSE
	EndGlobalSection
	GlobalSection(NestedProjects) = preSolution
		{B0A0D479-599F-4462-8238-04C011100AE9} = {C6E4DAB6-C280-4FDC-916C-D60FB7BAC498}
		{0A14BBB6-FFB3-4805-951F-D21D3D7E594B} = {C6E4DAB6-C280-4FDC-916C-D60FB7BAC498}
		{C474C4E8-F2A8-4D91-9F0E-4A91DEFC4235} = {ADE4AC96-F3EC-464B-BFEE-0F76CFB8F263}
		{ABF7DAEC-F265-4BAF-A70C-53C11E203F6B} = {C6E4DAB6-C280-4FDC-916C-D60FB7BAC498}
		{EC91B163-957D-457F-A27C-6A2175D1E5ED} = {99753933-1DEB-4FD1-983E-1816366C9BDE}
		{EB2F99CE-922E-49A4-8429-7EE957C15032} = {ADE4AC96-F3EC-464B-BFEE-0F76CFB8F263}
		{C262F933-6AD3-4CCE-9D3A-4C9B76AAAA32} = {ADE4AC96-F3EC-464B-BFEE-0F76CFB8F263}
	EndGlobalSection
EndGlobal
